{
    "_readme": [
        "This file locks the dependencies of your project to a known state",
        "Read more about it at https://getcomposer.org/doc/01-basic-usage.md#installing-dependencies",
        "This file is @generated automatically"
    ],
    "content-hash": "9e5d0a2a919f12ac73641668290fa229",
    "packages": [
        {
            "name": "azjezz/psl",
            "version": "3.3.0",
            "source": {
                "type": "git",
                "url": "https://github.com/azjezz/psl.git",
                "reference": "78078f2c505473d2a28319ffe426b2a82ac76790"
            },
            "dist": {
                "type": "zip",
                "url": "https://api.github.com/repos/azjezz/psl/zipball/78078f2c505473d2a28319ffe426b2a82ac76790",
                "reference": "78078f2c505473d2a28319ffe426b2a82ac76790",
                "shasum": ""
            },
            "require": {
                "ext-bcmath": "*",
                "ext-intl": "*",
                "ext-json": "*",
                "ext-mbstring": "*",
                "ext-sodium": "*",
                "php": "~8.2.0 || ~8.3.0 || ~8.4.0",
                "revolt/event-loop": "^1.0.6"
            },
            "require-dev": {
                "carthage-software/mago": "~0.13.1",
                "php-coveralls/php-coveralls": "^2.7.0",
                "php-standard-library/psalm-plugin": "^2.3.0",
                "phpbench/phpbench": "^1.2.15",
                "phpunit/phpunit": "^9.6.18",
                "roave/infection-static-analysis-plugin": "^1.36.0",
                "vimeo/psalm": "^6.0.0"
            },
            "suggest": {
                "php-standard-library/phpstan-extension": "PHPStan integration",
                "php-standard-library/psalm-plugin": "Psalm integration"
            },
            "type": "library",
            "extra": {
                "thanks": {
                    "url": "https://github.com/hhvm/hsl",
                    "name": "hhvm/hsl"
                }
            },
            "autoload": {
                "files": [
                    "src/bootstrap.php"
                ],
                "psr-4": {
                    "Psl\\": "src/Psl"
                }
            },
            "notification-url": "https://packagist.org/downloads/",
            "license": [
                "MIT"
            ],
            "authors": [
                {
                    "name": "azjezz",
                    "email": "azjezz@protonmail.com"
                }
            ],
            "description": "PHP Standard Library",
            "support": {
                "issues": "https://github.com/azjezz/psl/issues",
                "source": "https://github.com/azjezz/psl/tree/3.3.0"
            },
            "funding": [
                {
                    "url": "https://github.com/azjezz",
                    "type": "github"
                }
            ],
            "time": "2025-03-03T00:07:00+00:00"
        },
        {
            "name": "revolt/event-loop",
            "version": "v1.0.7",
            "source": {
                "type": "git",
                "url": "https://github.com/revoltphp/event-loop.git",
                "reference": "09bf1bf7f7f574453efe43044b06fafe12216eb3"
            },
            "dist": {
                "type": "zip",
                "url": "https://api.github.com/repos/revoltphp/event-loop/zipball/09bf1bf7f7f574453efe43044b06fafe12216eb3",
                "reference": "09bf1bf7f7f574453efe43044b06fafe12216eb3",
                "shasum": ""
            },
            "require": {
                "php": ">=8.1"
            },
            "require-dev": {
                "ext-json": "*",
                "jetbrains/phpstorm-stubs": "^2019.3",
                "phpunit/phpunit": "^9",
                "psalm/phar": "^5.15"
            },
            "type": "library",
            "extra": {
                "branch-alias": {
                    "dev-main": "1.x-dev"
                }
            },
            "autoload": {
                "psr-4": {
                    "Revolt\\": "src"
                }
            },
            "notification-url": "https://packagist.org/downloads/",
            "license": [
                "MIT"
            ],
            "authors": [
                {
                    "name": "Aaron Piotrowski",
                    "email": "aaron@trowski.com"
                },
                {
                    "name": "Cees-Jan Kiewiet",
                    "email": "ceesjank@gmail.com"
                },
                {
                    "name": "Christian Lück",
                    "email": "christian@clue.engineering"
                },
                {
                    "name": "Niklas Keller",
                    "email": "me@kelunik.com"
                }
            ],
            "description": "Rock-solid event loop for concurrent PHP applications.",
            "keywords": [
                "async",
                "asynchronous",
                "concurrency",
                "event",
                "event-loop",
                "non-blocking",
                "scheduler"
            ],
            "support": {
                "issues": "https://github.com/revoltphp/event-loop/issues",
                "source": "https://github.com/revoltphp/event-loop/tree/v1.0.7"
            },
            "time": "2025-01-25T19:27:39+00:00"
        }
    ],
    "packages-dev": [],
    "aliases": [],
    "minimum-stability": "stable",
    "stability-flags": {},
    "prefer-stable": false,
    "prefer-lowest": false,
    "platform": {},
    "platform-dev": {},
    "plugin-api-version": "2.6.0"
}
